<?xml version="1.0" encoding="utf-8"?>
<Project ToolsVersion="4.0" xmlns="http://schemas.microsoft.com/developer/msbuild/2003">
  <ItemGroup>
    <ClCompile Include="assembly\analysis\Analyser.cpp" />
    <ClCompile Include="assembly\analysis\readinessAuditor.cpp" />
    <ClCompile Include="assembly\Assembler.cpp" />
    <ClCompile Include="assembly\assemblyStandartAlgorythms\assembly1TopCross.cpp" />
    <ClCompile Include="assembly\assemblyStandartAlgorythms\assembly2TopLayer.cpp" />
    <ClCompile Include="assembly\assemblyStandartAlgorythms\assembly3MidLayer.cpp" />
    <ClCompile Include="assembly\assemblyStandartAlgorythms\assembly4BotCross.cpp" />
    <ClCompile Include="assembly\assemblyStandartAlgorythms\assembly5BotFacet.cpp" />
    <ClCompile Include="assembly\assemblyStandartAlgorythms\assembly6BotCorns.cpp" />
    <ClCompile Include="assembly\assemblyStandartAlgorythms\assembly7BotEdges.cpp" />
    <ClCompile Include="assembly\assemblyStandartAlgorythms\assemblyCommon.cpp" />
    <ClCompile Include="control\Master.cpp" />
    <ClCompile Include="cube\Cube.cpp" />
    <ClCompile Include="cube\Element.cpp" />
    <ClCompile Include="cube\movements.cpp" />
    <ClCompile Include="cv\fillingRawColors.cpp" />
    <ClCompile Include="cv\findingSquares.cpp" />
    <ClCompile Include="cv\InitialRecogniser.cpp" />
    <ClCompile Include="interface\MyForm.cpp" />
    <ClCompile Include="main.cpp" />
    <ClCompile Include="res\consoleManager.cpp" />
    <ClCompile Include="res\Formula.cpp" />
    <ClCompile Include="res\formulasReader.cpp" />
    <ClCompile Include="res\res.cpp" />
    <ClCompile Include="cv\semanticTransformation.cpp" />
  </ItemGroup>
  <ItemGroup>
    <ClInclude Include="assembly\analysis\Analyser.h" />
    <ClInclude Include="assembly\analysis\readinessAuditor.h" />
    <ClInclude Include="assembly\Assembler.h" />
    <ClInclude Include="assembly\formulasLib.h" />
    <ClInclude Include="control\Master.h" />
    <ClInclude Include="cube\Cube.h" />
    <ClInclude Include="cube\Element.h" />
    <ClInclude Include="cv\InitialRecogniser.h" />
    <ClInclude Include="interface\MyForm.h" />
    <ClInclude Include="res\consoleManager.h" />
    <ClInclude Include="res\Formula.h" />
    <ClInclude Include="res\formulasReader.h" />
    <ClInclude Include="res\res.hpp" />
  </ItemGroup>
  <ItemGroup>
    <EmbeddedResource Include="interface\MyForm.resx" />
  </ItemGroup>
  <ItemGroup>
    <None Include="ClassDiagram1.cd" />
  </ItemGroup>
</Project>