<?xml version="1.0" encoding="utf-8"?>
<Project ToolsVersion="4.0" xmlns="http://schemas.microsoft.com/developer/msbuild/2003">
  <ItemGroup>
    <Filter Include="Файлы исходного кода">
      <UniqueIdentifier>{4FC737F1-C7A5-4376-A066-2A32D752A2FF}</UniqueIdentifier>
      <Extensions>cpp;c;cc;cxx;def;odl;idl;hpj;bat;asm;asmx</Extensions>
    </Filter>
    <Filter Include="Заголовочные файлы">
      <UniqueIdentifier>{93995380-89BD-4b04-88EB-625FBE52EBFB}</UniqueIdentifier>
      <Extensions>h;hh;hpp;hxx;hm;inl;inc;xsd</Extensions>
    </Filter>
    <Filter Include="Файлы ресурсов">
      <UniqueIdentifier>{67DA6AB6-F800-4c08-8B7A-83BB121AAD01}</UniqueIdentifier>
      <Extensions>rc;ico;cur;bmp;dlg;rc2;rct;bin;rgs;gif;jpg;jpeg;jpe;resx;tiff;tif;png;wav;mfcribbon-ms</Extensions>
    </Filter>
  </ItemGroup>
  <ItemGroup>
    <ClCompile Include="main.cpp">
      <Filter>Файлы исходного кода</Filter>
    </ClCompile>
    <ClCompile Include="cube\Cube.cpp">
      <Filter>Файлы исходного кода</Filter>
    </ClCompile>
    <ClCompile Include="res\consoleManager.cpp">
      <Filter>Файлы исходного кода</Filter>
    </ClCompile>
    <ClCompile Include="interface\MyForm.cpp">
      <Filter>Файлы исходного кода</Filter>
    </ClCompile>
  </ItemGroup>
  <ItemGroup>
    <EmbeddedResource Include="MyForm.resx">
      <Filter>Файлы ресурсов</Filter>
    </EmbeddedResource>
    <EmbeddedResource Include="interface\MyForm.resx">
      <Filter>Файлы ресурсов</Filter>
    </EmbeddedResource>
  </ItemGroup>
  <ItemGroup>
    <ClInclude Include="cube\Cube.h">
      <Filter>Заголовочные файлы</Filter>
    </ClInclude>
    <ClInclude Include="res\consoleManager.h">
      <Filter>Заголовочные файлы</Filter>
    </ClInclude>
    <ClInclude Include="res\res.hpp">
      <Filter>Заголовочные файлы</Filter>
    </ClInclude>
    <ClInclude Include="interface\MyForm.h">
      <Filter>Заголовочные файлы</Filter>
    </ClInclude>
  </ItemGroup>
  <ItemGroup>
    <Object Include="Debug\main.obj" />
    <Object Include="x64\Debug\.NETFramework,Version=v4.6.1.AssemblyAttributes.obj" />
    <Object Include="x64\Debug\main.obj" />
  </ItemGroup>
  <ItemGroup>
    <Text Include="Debug\Rubik Pro.Build.CppClean.log" />
    <Text Include="Debug\Rubik Pro.log" />
    <Text Include="x64\Debug\Rubik Pro.Build.CppClean.log" />
    <Text Include="x64\Debug\Rubik Pro.log" />
  </ItemGroup>
  <ItemGroup>
    <None Include="Debug\vc141.pdb" />
    <None Include="Debug\Rubik Pro.tlog\CL.command.1.tlog" />
    <None Include="Debug\Rubik Pro.tlog\metagen.write.1.tlog" />
    <None Include="Debug\Rubik Pro.tlog\Rubik Pro.lastbuildstate" />
    <None Include="Debug\Rubik Pro.tlog\unsuccessfulbuild" />
    <None Include="x64\Debug\.NETFramework,Version=v4.6.1.AssemblyAttributes.asm">
      <Filter>Файлы исходного кода</Filter>
    </None>
    <None Include="x64\Debug\vc141.pdb" />
    <None Include="x64\Debug\Rubik Pro.tlog\CL.command.1.tlog" />
    <None Include="x64\Debug\Rubik Pro.tlog\CL.read.1.tlog" />
    <None Include="x64\Debug\Rubik Pro.tlog\CL.write.1.tlog" />
    <None Include="x64\Debug\Rubik Pro.tlog\link.6140.read.1.tlog" />
    <None Include="x64\Debug\Rubik Pro.tlog\link.6140.write.1.tlog" />
    <None Include="x64\Debug\Rubik Pro.tlog\link.6140-cvtres.read.1.tlog" />
    <None Include="x64\Debug\Rubik Pro.tlog\link.6140-cvtres.write.1.tlog" />
    <None Include="x64\Debug\Rubik Pro.tlog\link.6140-rc.read.1.tlog" />
    <None Include="x64\Debug\Rubik Pro.tlog\link.6140-rc.write.1.tlog" />
    <None Include="x64\Debug\Rubik Pro.tlog\link.command.1.tlog" />
    <None Include="x64\Debug\Rubik Pro.tlog\link.read.1.tlog" />
    <None Include="x64\Debug\Rubik Pro.tlog\link.write.1.tlog" />
    <None Include="x64\Debug\Rubik Pro.tlog\metagen.read.1.tlog" />
    <None Include="x64\Debug\Rubik Pro.tlog\metagen.write.1.tlog" />
    <None Include="x64\Debug\Rubik Pro.tlog\Rubik Pro.lastbuildstate" />
    <None Include="x64\Debug\Rubik Pro.tlog\Rubik Pro.write.1u.tlog" />
    <None Include="x64\Debug\Rubik Pro.tlog\TZRES.DLL.bi" />
    <None Include="x64\Debug\Rubik Pro.tlog\unsuccessfulbuild" />
  </ItemGroup>
</Project>