<?xml version="1.0" encoding="utf-8"?>
<Project ToolsVersion="4.0" xmlns="http://schemas.microsoft.com/developer/msbuild/2003">
  <ItemGroup>
    <ClCompile Include="cube\Cube.cpp" />
    <ClCompile Include="interface\MyForm.cpp" />
    <ClCompile Include="main.cpp" />
    <ClCompile Include="res\consoleManager.cpp" />
    <ClCompile Include="cube\movements.cpp" />
    <ClCompile Include="cv\Camera.cpp" />
  </ItemGroup>
  <ItemGroup>
    <ClCompile Include="main.cpp">
      <Filter>Файлы исходного кода</Filter>
    </ClCompile>
    <ClCompile Include="cube\Cube.cpp">
      <Filter>Файлы исходного кода</Filter>
    </ClCompile>
    <ClCompile Include="interface\MyForm.cpp">
      <Filter>Файлы исходного кода</Filter>
    </ClCompile>
  </ItemGroup>
  <ItemGroup>
    <ClInclude Include="cube\Cube.h" />
    <ClInclude Include="interface\MyForm.h" />
    <ClInclude Include="res\consoleManager.h" />
    <ClInclude Include="res\res.hpp" />
    <ClInclude Include="cv\Camera.h" />
  </ItemGroup>
  <ItemGroup>
    <EmbeddedResource Include="interface\MyForm.resx" />
    <EmbeddedResource Include="interface\MyForm.resx" />
  </ItemGroup>
</Project>